
Microsoft Visual Studio Solution File, Format Version 12.00
# Visual Studio Version 16
VisualStudioVersion = 16.0.31205.134
MinimumVisualStudioVersion = 10.0.40219.1
Project("{FAE04EC0-301F-11D3-BF4B-00C04F79EFBC}") = "NGSChecker", "NGSChecker.csproj", "{48C72070-8FE5-4FFF-B2C3-C2377F9E6FB5}"
EndProject
Global
	GlobalSection(SolutionConfigurationPlatforms) = preSolution
		Debug|Any CPU = Debug|Any CPU
		Release|Any CPU = Release|Any CPU
	EndGlobalSection
	GlobalSection(ProjectConfigurationPlatforms) = postSolution
		{48C72070-8FE5-4FFF-B2C3-C2377F9E6FB5}.Debug|Any CPU.ActiveCfg = Debug|Any CPU
		{48C72070-8FE5-4FFF-B2C3-C2377F9E6FB5}.Debug|Any CPU.Build.0 = Debug|Any CPU
		{48C72070-8FE5-4FFF-B2C3-C2377F9E6FB5}.Release|Any CPU.ActiveCfg = Release|Any CPU
		{48C72070-8FE5-4FFF-B2C3-C2377F9E6FB5}.Release|Any CPU.Build.0 = Release|Any CPU
	EndGlobalSection
	GlobalSection(SolutionProperties) = preSolution
		HideSolutionNode = FALSE
	EndGlobalSection
	GlobalSection(ExtensibilityGlobals) = postSolution
		SolutionGuid = {DC1118E3-2AAE-4591-AB74-33DA2F54390E}
	EndGlobalSection
EndGlobal
